
Microsoft Visual Studio Solution File, Format Version 12.00
# Visual Studio Version 17
VisualStudioVersion = 17.0.31903.59
MinimumVisualStudioVersion = 10.0.40219.1
Project("{9A19103F-16F7-4668-BE54-9A1E7A4F7556}") = "BlazorApp.Server", "BlazorApp\Server\BlazorApp.Server.csproj", "{7CA256A8-8E6F-4112-966D-6024090C8095}"
EndProject
Project("{9A19103F-16F7-4668-BE54-9A1E7A4F7556}") = "BlazorApp.Client", "BlazorApp\Client\BlazorApp.Client.csproj", "{98CBEA52-30CE-4307-BD1F-E30BF4B25492}"
EndProject
Project("{9A19103F-16F7-4668-BE54-9A1E7A4F7556}") = "BlazorApp.Shared", "BlazorApp\Shared\BlazorApp.Shared.csproj", "{C902D3F7-DE75-466C-B243-42A2E98D5D61}"
EndProject
Global
	GlobalSection(SolutionConfigurationPlatforms) = preSolution
		Debug|Any CPU = Debug|Any CPU
		Release|Any CPU = Release|Any CPU
	EndGlobalSection
	GlobalSection(ProjectConfigurationPlatforms) = postSolution
		{7CA256A8-8E6F-4112-966D-6024090C8095}.Debug|Any CPU.ActiveCfg = Debug|Any CPU
		{7CA256A8-8E6F-4112-966D-6024090C8095}.Debug|Any CPU.Build.0 = Debug|Any CPU
		{7CA256A8-8E6F-4112-966D-6024090C8095}.Release|Any CPU.ActiveCfg = Release|Any CPU
		{7CA256A8-8E6F-4112-966D-6024090C8095}.Release|Any CPU.Build.0 = Release|Any CPU
		{98CBEA52-30CE-4307-BD1F-E30BF4B25492}.Debug|Any CPU.ActiveCfg = Debug|Any CPU
		{98CBEA52-30CE-4307-BD1F-E30BF4B25492}.Debug|Any CPU.Build.0 = Debug|Any CPU
		{98CBEA52-30CE-4307-BD1F-E30BF4B25492}.Release|Any CPU.ActiveCfg = Release|Any CPU
		{98CBEA52-30CE-4307-BD1F-E30BF4B25492}.Release|Any CPU.Build.0 = Release|Any CPU
		{C902D3F7-DE75-466C-B243-42A2E98D5D61}.Debug|Any CPU.ActiveCfg = Debug|Any CPU
		{C902D3F7-DE75-466C-B243-42A2E98D5D61}.Debug|Any CPU.Build.0 = Debug|Any CPU
		{C902D3F7-DE75-466C-B243-42A2E98D5D61}.Release|Any CPU.ActiveCfg = Release|Any CPU
		{C902D3F7-DE75-466C-B243-42A2E98D5D61}.Release|Any CPU.Build.0 = Release|Any CPU
	EndGlobalSection
	GlobalSection(SolutionProperties) = preSolution
		HideSolutionNode = FALSE
	EndGlobalSection
	GlobalSection(ExtensibilityGlobals) = postSolution
		SolutionGuid = {33A38B63-1267-4783-B4C1-46E74B60A93A}
	EndGlobalSection
EndGlobal
